
Microsoft Visual Studio Solution File, Format Version 12.00
# Visual Studio Version 17
VisualStudioVersion = 17.2.32526.322
MinimumVisualStudioVersion = 10.0.40219.1
Project("{9A19103F-16F7-4668-BE54-9A1E7A4F7556}") = "DS.Api", "DS.Api\DS.Api.csproj", "{615B5212-C258-495B-BAA6-657888AC0BBC}"
EndProject
Project("{FAE04EC0-301F-11D3-BF4B-00C04F79EFBC}") = "DS.Core", "DS.Core\DS.Core.csproj", "{394B2852-38FC-49EB-9561-C8CDE3E5F088}"
EndProject
Global
	GlobalSection(SolutionConfigurationPlatforms) = preSolution
		Debug|Any CPU = Debug|Any CPU
		Release|Any CPU = Release|Any CPU
	EndGlobalSection
	GlobalSection(ProjectConfigurationPlatforms) = postSolution
		{615B5212-C258-495B-BAA6-657888AC0BBC}.Debug|Any CPU.ActiveCfg = Debug|Any CPU
		{615B5212-C258-495B-BAA6-657888AC0BBC}.Debug|Any CPU.Build.0 = Debug|Any CPU
		{615B5212-C258-495B-BAA6-657888AC0BBC}.Release|Any CPU.ActiveCfg = Release|Any CPU
		{615B5212-C258-495B-BAA6-657888AC0BBC}.Release|Any CPU.Build.0 = Release|Any CPU
		{394B2852-38FC-49EB-9561-C8CDE3E5F088}.Debug|Any CPU.ActiveCfg = Debug|Any CPU
		{394B2852-38FC-49EB-9561-C8CDE3E5F088}.Debug|Any CPU.Build.0 = Debug|Any CPU
		{394B2852-38FC-49EB-9561-C8CDE3E5F088}.Release|Any CPU.ActiveCfg = Release|Any CPU
		{394B2852-38FC-49EB-9561-C8CDE3E5F088}.Release|Any CPU.Build.0 = Release|Any CPU
	EndGlobalSection
	GlobalSection(SolutionProperties) = preSolution
		HideSolutionNode = FALSE
	EndGlobalSection
	GlobalSection(ExtensibilityGlobals) = postSolution
		SolutionGuid = {800D2553-D0FA-4415-B1F8-751063D09301}
	EndGlobalSection
EndGlobal
